
Microsoft Visual Studio Solution File, Format Version 12.00
# Visual Studio 14
VisualStudioVersion = 14.0.23107.0
MinimumVisualStudioVersion = 10.0.40219.1
Project("{FAE04EC0-301F-11D3-BF4B-00C04F79EFBC}") = "countly_sdk_xamarin", "countly-sdk-xamarin\countly_sdk_xamarin\countly_sdk_xamarin.csproj", "{5361965F-8A26-4384-BF1F-E493BC206E6D}"
EndProject
Project("{FAE04EC0-301F-11D3-BF4B-00C04F79EFBC}") = "countly_sdk_xamarin.iOS", "countly-sdk-xamarin\countly_sdk_xamarin.iOS\countly_sdk_xamarin.iOS.csproj", "{00978DE8-BAE6-4C87-A8EB-8EB03FB3187E}"
EndProject
Project("{FAE04EC0-301F-11D3-BF4B-00C04F79EFBC}") = "countly_sdk_xamarin.Droid", "countly-sdk-xamarin\countly_sdk_xamarin.Droid\countly_sdk_xamarin.Droid.csproj", "{ADD2B1F7-9A43-40AC-92EE-6EC18E0C8AF2}"
EndProject
Project("{FAE04EC0-301F-11D3-BF4B-00C04F79EFBC}") = "countly_sdk_xamarin.WinPhone", "countly-sdk-xamarin\countly_sdk_xamarin.WinPhone\countly_sdk_xamarin.WinPhone.csproj", "{D0B4D68C-EE3E-43C2-93D8-A5AFAB1004A9}"
EndProject
Global
	GlobalSection(SolutionConfigurationPlatforms) = preSolution
		Debug|Any CPU = Debug|Any CPU
		Debug|ARM = Debug|ARM
		Debug|iPhone = Debug|iPhone
		Debug|iPhoneSimulator = Debug|iPhoneSimulator
		Debug|x86 = Debug|x86
		Release|Any CPU = Release|Any CPU
		Release|ARM = Release|ARM
		Release|iPhone = Release|iPhone
		Release|iPhoneSimulator = Release|iPhoneSimulator
		Release|x86 = Release|x86
	EndGlobalSection
	GlobalSection(ProjectConfigurationPlatforms) = postSolution
		{5361965F-8A26-4384-BF1F-E493BC206E6D}.Debug|Any CPU.ActiveCfg = Debug|Any CPU
		{5361965F-8A26-4384-BF1F-E493BC206E6D}.Debug|Any CPU.Build.0 = Debug|Any CPU
		{5361965F-8A26-4384-BF1F-E493BC206E6D}.Debug|ARM.ActiveCfg = Debug|Any CPU
		{5361965F-8A26-4384-BF1F-E493BC206E6D}.Debug|ARM.Build.0 = Debug|Any CPU
		{5361965F-8A26-4384-BF1F-E493BC206E6D}.Debug|iPhone.ActiveCfg = Debug|Any CPU
		{5361965F-8A26-4384-BF1F-E493BC206E6D}.Debug|iPhone.Build.0 = Debug|Any CPU
		{5361965F-8A26-4384-BF1F-E493BC206E6D}.Debug|iPhoneSimulator.ActiveCfg = Debug|Any CPU
		{5361965F-8A26-4384-BF1F-E493BC206E6D}.Debug|iPhoneSimulator.Build.0 = Debug|Any CPU
		{5361965F-8A26-4384-BF1F-E493BC206E6D}.Debug|x86.ActiveCfg = Debug|Any CPU
		{5361965F-8A26-4384-BF1F-E493BC206E6D}.Debug|x86.Build.0 = Debug|Any CPU
		{5361965F-8A26-4384-BF1F-E493BC206E6D}.Release|Any CPU.ActiveCfg = Release|Any CPU
		{5361965F-8A26-4384-BF1F-E493BC206E6D}.Release|Any CPU.Build.0 = Release|Any CPU
		{5361965F-8A26-4384-BF1F-E493BC206E6D}.Release|ARM.ActiveCfg = Release|Any CPU
		{5361965F-8A26-4384-BF1F-E493BC206E6D}.Release|ARM.Build.0 = Release|Any CPU
		{5361965F-8A26-4384-BF1F-E493BC206E6D}.Release|iPhone.ActiveCfg = Release|Any CPU
		{5361965F-8A26-4384-BF1F-E493BC206E6D}.Release|iPhone.Build.0 = Release|Any CPU
		{5361965F-8A26-4384-BF1F-E493BC206E6D}.Release|iPhoneSimulator.ActiveCfg = Release|Any CPU
		{5361965F-8A26-4384-BF1F-E493BC206E6D}.Release|iPhoneSimulator.Build.0 = Release|Any CPU
		{5361965F-8A26-4384-BF1F-E493BC206E6D}.Release|x86.ActiveCfg = Release|Any CPU
		{5361965F-8A26-4384-BF1F-E493BC206E6D}.Release|x86.Build.0 = Release|Any CPU
		{00978DE8-BAE6-4C87-A8EB-8EB03FB3187E}.Debug|Any CPU.ActiveCfg = Debug|iPhone
		{00978DE8-BAE6-4C87-A8EB-8EB03FB3187E}.Debug|ARM.ActiveCfg = Debug|iPhone
		{00978DE8-BAE6-4C87-A8EB-8EB03FB3187E}.Debug|iPhone.ActiveCfg = Debug|iPhone
		{00978DE8-BAE6-4C87-A8EB-8EB03FB3187E}.Debug|iPhone.Build.0 = Debug|iPhone
		{00978DE8-BAE6-4C87-A8EB-8EB03FB3187E}.Debug|iPhoneSimulator.ActiveCfg = Debug|iPhoneSimulator
		{00978DE8-BAE6-4C87-A8EB-8EB03FB3187E}.Debug|iPhoneSimulator.Build.0 = Debug|iPhoneSimulator
		{00978DE8-BAE6-4C87-A8EB-8EB03FB3187E}.Debug|x86.ActiveCfg = Debug|iPhone
		{00978DE8-BAE6-4C87-A8EB-8EB03FB3187E}.Release|Any CPU.ActiveCfg = Release|iPhone
		{00978DE8-BAE6-4C87-A8EB-8EB03FB3187E}.Release|ARM.ActiveCfg = Release|iPhone
		{00978DE8-BAE6-4C87-A8EB-8EB03FB3187E}.Release|iPhone.ActiveCfg = Release|iPhone
		{00978DE8-BAE6-4C87-A8EB-8EB03FB3187E}.Release|iPhone.Build.0 = Release|iPhone
		{00978DE8-BAE6-4C87-A8EB-8EB03FB3187E}.Release|iPhoneSimulator.ActiveCfg = Release|iPhoneSimulator
		{00978DE8-BAE6-4C87-A8EB-8EB03FB3187E}.Release|iPhoneSimulator.Build.0 = Release|iPhoneSimulator
		{00978DE8-BAE6-4C87-A8EB-8EB03FB3187E}.Release|x86.ActiveCfg = Release|iPhone
		{ADD2B1F7-9A43-40AC-92EE-6EC18E0C8AF2}.Debug|Any CPU.ActiveCfg = Debug|Any CPU
		{ADD2B1F7-9A43-40AC-92EE-6EC18E0C8AF2}.Debug|Any CPU.Build.0 = Debug|Any CPU
		{ADD2B1F7-9A43-40AC-92EE-6EC18E0C8AF2}.Debug|Any CPU.Deploy.0 = Debug|Any CPU
		{ADD2B1F7-9A43-40AC-92EE-6EC18E0C8AF2}.Debug|ARM.ActiveCfg = Debug|Any CPU
		{ADD2B1F7-9A43-40AC-92EE-6EC18E0C8AF2}.Debug|ARM.Build.0 = Debug|Any CPU
		{ADD2B1F7-9A43-40AC-92EE-6EC18E0C8AF2}.Debug|ARM.Deploy.0 = Debug|Any CPU
		{ADD2B1F7-9A43-40AC-92EE-6EC18E0C8AF2}.Debug|iPhone.ActiveCfg = Debug|Any CPU
		{ADD2B1F7-9A43-40AC-92EE-6EC18E0C8AF2}.Debug|iPhone.Build.0 = Debug|Any CPU
		{ADD2B1F7-9A43-40AC-92EE-6EC18E0C8AF2}.Debug|iPhone.Deploy.0 = Debug|Any CPU
		{ADD2B1F7-9A43-40AC-92EE-6EC18E0C8AF2}.Debug|iPhoneSimulator.ActiveCfg = Debug|Any CPU
		{ADD2B1F7-9A43-40AC-92EE-6EC18E0C8AF2}.Debug|iPhoneSimulator.Build.0 = Debug|Any CPU
		{ADD2B1F7-9A43-40AC-92EE-6EC18E0C8AF2}.Debug|iPhoneSimulator.Deploy.0 = Debug|Any CPU
		{ADD2B1F7-9A43-40AC-92EE-6EC18E0C8AF2}.Debug|x86.ActiveCfg = Debug|Any CPU
		{ADD2B1F7-9A43-40AC-92EE-6EC18E0C8AF2}.Debug|x86.Build.0 = Debug|Any CPU
		{ADD2B1F7-9A43-40AC-92EE-6EC18E0C8AF2}.Debug|x86.Deploy.0 = Debug|Any CPU
		{ADD2B1F7-9A43-40AC-92EE-6EC18E0C8AF2}.Release|Any CPU.ActiveCfg = Release|Any CPU
		{ADD2B1F7-9A43-40AC-92EE-6EC18E0C8AF2}.Release|Any CPU.Build.0 = Release|Any CPU
		{ADD2B1F7-9A43-40AC-92EE-6EC18E0C8AF2}.Release|Any CPU.Deploy.0 = Release|Any CPU
		{ADD2B1F7-9A43-40AC-92EE-6EC18E0C8AF2}.Release|ARM.ActiveCfg = Release|Any CPU
		{ADD2B1F7-9A43-40AC-92EE-6EC18E0C8AF2}.Release|ARM.Build.0 = Release|Any CPU
		{ADD2B1F7-9A43-40AC-92EE-6EC18E0C8AF2}.Release|ARM.Deploy.0 = Release|Any CPU
		{ADD2B1F7-9A43-40AC-92EE-6EC18E0C8AF2}.Release|iPhone.ActiveCfg = Release|Any CPU
		{ADD2B1F7-9A43-40AC-92EE-6EC18E0C8AF2}.Release|iPhone.Build.0 = Release|Any CPU
		{ADD2B1F7-9A43-40AC-92EE-6EC18E0C8AF2}.Release|iPhone.Deploy.0 = Release|Any CPU
		{ADD2B1F7-9A43-40AC-92EE-6EC18E0C8AF2}.Release|iPhoneSimulator.ActiveCfg = Release|Any CPU
		{ADD2B1F7-9A43-40AC-92EE-6EC18E0C8AF2}.Release|iPhoneSimulator.Build.0 = Release|Any CPU
		{ADD2B1F7-9A43-40AC-92EE-6EC18E0C8AF2}.Release|iPhoneSimulator.Deploy.0 = Release|Any CPU
		{ADD2B1F7-9A43-40AC-92EE-6EC18E0C8AF2}.Release|x86.ActiveCfg = Release|Any CPU
		{ADD2B1F7-9A43-40AC-92EE-6EC18E0C8AF2}.Release|x86.Build.0 = Release|Any CPU
		{ADD2B1F7-9A43-40AC-92EE-6EC18E0C8AF2}.Release|x86.Deploy.0 = Release|Any CPU
		{D0B4D68C-EE3E-43C2-93D8-A5AFAB1004A9}.Debug|Any CPU.ActiveCfg = Debug|Any CPU
		{D0B4D68C-EE3E-43C2-93D8-A5AFAB1004A9}.Debug|ARM.ActiveCfg = Debug|ARM
		{D0B4D68C-EE3E-43C2-93D8-A5AFAB1004A9}.Debug|ARM.Build.0 = Debug|ARM
		{D0B4D68C-EE3E-43C2-93D8-A5AFAB1004A9}.Debug|ARM.Deploy.0 = Debug|ARM
		{D0B4D68C-EE3E-43C2-93D8-A5AFAB1004A9}.Debug|iPhone.ActiveCfg = Debug|Any CPU
		{D0B4D68C-EE3E-43C2-93D8-A5AFAB1004A9}.Debug|iPhone.Build.0 = Debug|Any CPU
		{D0B4D68C-EE3E-43C2-93D8-A5AFAB1004A9}.Debug|iPhone.Deploy.0 = Debug|Any CPU
		{D0B4D68C-EE3E-43C2-93D8-A5AFAB1004A9}.Debug|iPhoneSimulator.ActiveCfg = Debug|Any CPU
		{D0B4D68C-EE3E-43C2-93D8-A5AFAB1004A9}.Debug|iPhoneSimulator.Build.0 = Debug|Any CPU
		{D0B4D68C-EE3E-43C2-93D8-A5AFAB1004A9}.Debug|iPhoneSimulator.Deploy.0 = Debug|Any CPU
		{D0B4D68C-EE3E-43C2-93D8-A5AFAB1004A9}.Debug|x86.ActiveCfg = Debug|x86
		{D0B4D68C-EE3E-43C2-93D8-A5AFAB1004A9}.Debug|x86.Build.0 = Debug|x86
		{D0B4D68C-EE3E-43C2-93D8-A5AFAB1004A9}.Debug|x86.Deploy.0 = Debug|x86
		{D0B4D68C-EE3E-43C2-93D8-A5AFAB1004A9}.Release|Any CPU.ActiveCfg = Release|Any CPU
		{D0B4D68C-EE3E-43C2-93D8-A5AFAB1004A9}.Release|Any CPU.Build.0 = Release|Any CPU
		{D0B4D68C-EE3E-43C2-93D8-A5AFAB1004A9}.Release|Any CPU.Deploy.0 = Release|Any CPU
		{D0B4D68C-EE3E-43C2-93D8-A5AFAB1004A9}.Release|ARM.ActiveCfg = Release|ARM
		{D0B4D68C-EE3E-43C2-93D8-A5AFAB1004A9}.Release|ARM.Build.0 = Release|ARM
		{D0B4D68C-EE3E-43C2-93D8-A5AFAB1004A9}.Release|ARM.Deploy.0 = Release|ARM
		{D0B4D68C-EE3E-43C2-93D8-A5AFAB1004A9}.Release|iPhone.ActiveCfg = Release|Any CPU
		{D0B4D68C-EE3E-43C2-93D8-A5AFAB1004A9}.Release|iPhone.Build.0 = Release|Any CPU
		{D0B4D68C-EE3E-43C2-93D8-A5AFAB1004A9}.Release|iPhone.Deploy.0 = Release|Any CPU
		{D0B4D68C-EE3E-43C2-93D8-A5AFAB1004A9}.Release|iPhoneSimulator.ActiveCfg = Release|Any CPU
		{D0B4D68C-EE3E-43C2-93D8-A5AFAB1004A9}.Release|iPhoneSimulator.Build.0 = Release|Any CPU
		{D0B4D68C-EE3E-43C2-93D8-A5AFAB1004A9}.Release|iPhoneSimulator.Deploy.0 = Release|Any CPU
		{D0B4D68C-EE3E-43C2-93D8-A5AFAB1004A9}.Release|x86.ActiveCfg = Release|x86
		{D0B4D68C-EE3E-43C2-93D8-A5AFAB1004A9}.Release|x86.Build.0 = Release|x86
		{D0B4D68C-EE3E-43C2-93D8-A5AFAB1004A9}.Release|x86.Deploy.0 = Release|x86
	EndGlobalSection
	GlobalSection(SolutionProperties) = preSolution
		HideSolutionNode = FALSE
	EndGlobalSection
EndGlobal
